
Microsoft Visual Studio Solution File, Format Version 12.00
# Visual Studio Version 16
VisualStudioVersion = 16.0.31410.357
MinimumVisualStudioVersion = 10.0.40219.1
Project("{FAE04EC0-301F-11D3-BF4B-00C04F79EFBC}") = "SparkTask", "SparkTask\SparkTask.csproj", "{DF9DB94B-BF97-4A12-B4F2-21DFEB1B23D7}"
EndProject
Global
	GlobalSection(SolutionConfigurationPlatforms) = preSolution
		Debug|Any CPU = Debug|Any CPU
		Release|Any CPU = Release|Any CPU
	EndGlobalSection
	GlobalSection(ProjectConfigurationPlatforms) = postSolution
		{DF9DB94B-BF97-4A12-B4F2-21DFEB1B23D7}.Debug|Any CPU.ActiveCfg = Debug|Any CPU
		{DF9DB94B-BF97-4A12-B4F2-21DFEB1B23D7}.Debug|Any CPU.Build.0 = Debug|Any CPU
		{DF9DB94B-BF97-4A12-B4F2-21DFEB1B23D7}.Release|Any CPU.ActiveCfg = Release|Any CPU
		{DF9DB94B-BF97-4A12-B4F2-21DFEB1B23D7}.Release|Any CPU.Build.0 = Release|Any CPU
	EndGlobalSection
	GlobalSection(SolutionProperties) = preSolution
		HideSolutionNode = FALSE
	EndGlobalSection
	GlobalSection(ExtensibilityGlobals) = postSolution
		SolutionGuid = {FECC98A6-2B08-4B17-90AC-D7D6E39DE8B9}
	EndGlobalSection
EndGlobal
